
Microsoft Visual Studio Solution File, Format Version 12.00
# Visual Studio Version 17
VisualStudioVersion = 17.1.32421.90
MinimumVisualStudioVersion = 10.0.40219.1
Project("{FAE04EC0-301F-11D3-BF4B-00C04F79EFBC}") = "AlexSpyrou.FavouriteMovies", "AlexSpyrou.FavouriteMovies\AlexSpyrou.FavouriteMovies.csproj", "{ABC550CC-ED2E-424D-80E7-FC28D0BBED9A}"
EndProject
Global
	GlobalSection(SolutionConfigurationPlatforms) = preSolution
		Debug|Any CPU = Debug|Any CPU
		Release|Any CPU = Release|Any CPU
	EndGlobalSection
	GlobalSection(ProjectConfigurationPlatforms) = postSolution
		{ABC550CC-ED2E-424D-80E7-FC28D0BBED9A}.Debug|Any CPU.ActiveCfg = Debug|Any CPU
		{ABC550CC-ED2E-424D-80E7-FC28D0BBED9A}.Debug|Any CPU.Build.0 = Debug|Any CPU
		{ABC550CC-ED2E-424D-80E7-FC28D0BBED9A}.Release|Any CPU.ActiveCfg = Release|Any CPU
		{ABC550CC-ED2E-424D-80E7-FC28D0BBED9A}.Release|Any CPU.Build.0 = Release|Any CPU
	EndGlobalSection
	GlobalSection(SolutionProperties) = preSolution
		HideSolutionNode = FALSE
	EndGlobalSection
	GlobalSection(ExtensibilityGlobals) = postSolution
		SolutionGuid = {52788D28-9901-4DE4-8C84-EFF221A8BD78}
	EndGlobalSection
EndGlobal
